
Microsoft Visual Studio Solution File, Format Version 12.00
# Visual Studio Version 17
VisualStudioVersion = 17.3.32922.545
MinimumVisualStudioVersion = 10.0.40219.1
Project("{FAE04EC0-301F-11D3-BF4B-00C04F79EFBC}") = "KafeProje", "KafeProje\KafeProje.csproj", "{C3DABBCD-ABA2-4622-B8BC-94C46FD3DB7A}"
EndProject
Global
	GlobalSection(SolutionConfigurationPlatforms) = preSolution
		Debug|Any CPU = Debug|Any CPU
		Release|Any CPU = Release|Any CPU
	EndGlobalSection
	GlobalSection(ProjectConfigurationPlatforms) = postSolution
		{C3DABBCD-ABA2-4622-B8BC-94C46FD3DB7A}.Debug|Any CPU.ActiveCfg = Debug|Any CPU
		{C3DABBCD-ABA2-4622-B8BC-94C46FD3DB7A}.Debug|Any CPU.Build.0 = Debug|Any CPU
		{C3DABBCD-ABA2-4622-B8BC-94C46FD3DB7A}.Release|Any CPU.ActiveCfg = Release|Any CPU
		{C3DABBCD-ABA2-4622-B8BC-94C46FD3DB7A}.Release|Any CPU.Build.0 = Release|Any CPU
	EndGlobalSection
	GlobalSection(SolutionProperties) = preSolution
		HideSolutionNode = FALSE
	EndGlobalSection
	GlobalSection(ExtensibilityGlobals) = postSolution
		SolutionGuid = {79E911D0-36A3-4ACC-A006-1D272B8F58FD}
	EndGlobalSection
EndGlobal
